
Microsoft Visual Studio Solution File, Format Version 12.00
# Visual Studio Version 17
VisualStudioVersion = 17.10.35122.118
MinimumVisualStudioVersion = 10.0.40219.1
Project("{9A19103F-16F7-4668-BE54-9A1E7A4F7556}") = "is-anagram", "is-anagram.csproj", "{C056C403-077C-47FF-8955-9387B5D5B41B}"
EndProject
Global
	GlobalSection(SolutionConfigurationPlatforms) = preSolution
		Debug|Any CPU = Debug|Any CPU
		Release|Any CPU = Release|Any CPU
	EndGlobalSection
	GlobalSection(ProjectConfigurationPlatforms) = postSolution
		{C056C403-077C-47FF-8955-9387B5D5B41B}.Debug|Any CPU.ActiveCfg = Debug|Any CPU
		{C056C403-077C-47FF-8955-9387B5D5B41B}.Debug|Any CPU.Build.0 = Debug|Any CPU
		{C056C403-077C-47FF-8955-9387B5D5B41B}.Release|Any CPU.ActiveCfg = Release|Any CPU
		{C056C403-077C-47FF-8955-9387B5D5B41B}.Release|Any CPU.Build.0 = Release|Any CPU
	EndGlobalSection
	GlobalSection(SolutionProperties) = preSolution
		HideSolutionNode = FALSE
	EndGlobalSection
	GlobalSection(ExtensibilityGlobals) = postSolution
		SolutionGuid = {CE40337D-D526-4DD1-BC3A-A398FCA22D71}
	EndGlobalSection
EndGlobal
