
Microsoft Visual Studio Solution File, Format Version 12.00
# Visual Studio Version 17
VisualStudioVersion = 17.10.35122.118
MinimumVisualStudioVersion = 10.0.40219.1
Project("{9A19103F-16F7-4668-BE54-9A1E7A4F7556}") = "anagram-groups", "anagram-groups.csproj", "{7F25F07E-DE45-4EDA-B51C-FD3ECF48968D}"
EndProject
Global
	GlobalSection(SolutionConfigurationPlatforms) = preSolution
		Debug|Any CPU = Debug|Any CPU
		Release|Any CPU = Release|Any CPU
	EndGlobalSection
	GlobalSection(ProjectConfigurationPlatforms) = postSolution
		{7F25F07E-DE45-4EDA-B51C-FD3ECF48968D}.Debug|Any CPU.ActiveCfg = Debug|Any CPU
		{7F25F07E-DE45-4EDA-B51C-FD3ECF48968D}.Debug|Any CPU.Build.0 = Debug|Any CPU
		{7F25F07E-DE45-4EDA-B51C-FD3ECF48968D}.Release|Any CPU.ActiveCfg = Release|Any CPU
		{7F25F07E-DE45-4EDA-B51C-FD3ECF48968D}.Release|Any CPU.Build.0 = Release|Any CPU
	EndGlobalSection
	GlobalSection(SolutionProperties) = preSolution
		HideSolutionNode = FALSE
	EndGlobalSection
	GlobalSection(ExtensibilityGlobals) = postSolution
		SolutionGuid = {DB3FA01D-E42E-4790-A0A7-C791F96C68FA}
	EndGlobalSection
EndGlobal
