
Microsoft Visual Studio Solution File, Format Version 12.00
# Visual Studio Version 17
VisualStudioVersion = 17.0.31903.59
MinimumVisualStudioVersion = 10.0.40219.1
Project("{FAE04EC0-301F-11D3-BF4B-00C04F79EFBC}") = "longest-substring-without-duplicates", "longest-substring-without-duplicates.csproj", "{2954AE01-49C0-459A-881C-2F9E1D151472}"
EndProject
Global
	GlobalSection(SolutionConfigurationPlatforms) = preSolution
		Debug|Any CPU = Debug|Any CPU
		Release|Any CPU = Release|Any CPU
	EndGlobalSection
	GlobalSection(SolutionProperties) = preSolution
		HideSolutionNode = FALSE
	EndGlobalSection
	GlobalSection(ProjectConfigurationPlatforms) = postSolution
		{2954AE01-49C0-459A-881C-2F9E1D151472}.Debug|Any CPU.ActiveCfg = Debug|Any CPU
		{2954AE01-49C0-459A-881C-2F9E1D151472}.Debug|Any CPU.Build.0 = Debug|Any CPU
		{2954AE01-49C0-459A-881C-2F9E1D151472}.Release|Any CPU.ActiveCfg = Release|Any CPU
		{2954AE01-49C0-459A-881C-2F9E1D151472}.Release|Any CPU.Build.0 = Release|Any CPU
	EndGlobalSection
EndGlobal
