
Microsoft Visual Studio Solution File, Format Version 12.00
# Visual Studio Version 17
VisualStudioVersion = 17.0.31903.59
MinimumVisualStudioVersion = 10.0.40219.1
Project("{9A19103F-16F7-4668-BE54-9A1E7A4F7556}") = "same-binary-tree", "same-binary-tree.csproj", "{BF082D00-10C6-4EFE-BD25-0A76CE57AE20}"
EndProject
Project("{9A19103F-16F7-4668-BE54-9A1E7A4F7556}") = "Utils", "..\Utils\Utils.csproj", "{C4B004BA-CBC3-41D3-979D-23FBE1AF30D7}"
EndProject
Global
	GlobalSection(SolutionConfigurationPlatforms) = preSolution
		Debug|Any CPU = Debug|Any CPU
		Release|Any CPU = Release|Any CPU
	EndGlobalSection
	GlobalSection(ProjectConfigurationPlatforms) = postSolution
		{BF082D00-10C6-4EFE-BD25-0A76CE57AE20}.Debug|Any CPU.ActiveCfg = Debug|Any CPU
		{BF082D00-10C6-4EFE-BD25-0A76CE57AE20}.Debug|Any CPU.Build.0 = Debug|Any CPU
		{BF082D00-10C6-4EFE-BD25-0A76CE57AE20}.Release|Any CPU.ActiveCfg = Release|Any CPU
		{BF082D00-10C6-4EFE-BD25-0A76CE57AE20}.Release|Any CPU.Build.0 = Release|Any CPU
		{C4B004BA-CBC3-41D3-979D-23FBE1AF30D7}.Debug|Any CPU.ActiveCfg = Debug|Any CPU
		{C4B004BA-CBC3-41D3-979D-23FBE1AF30D7}.Debug|Any CPU.Build.0 = Debug|Any CPU
		{C4B004BA-CBC3-41D3-979D-23FBE1AF30D7}.Release|Any CPU.ActiveCfg = Release|Any CPU
		{C4B004BA-CBC3-41D3-979D-23FBE1AF30D7}.Release|Any CPU.Build.0 = Release|Any CPU
	EndGlobalSection
	GlobalSection(SolutionProperties) = preSolution
		HideSolutionNode = FALSE
	EndGlobalSection
	GlobalSection(ExtensibilityGlobals) = postSolution
		SolutionGuid = {3F871C9C-CFF9-4AD4-A4D1-40B48AA0B1F6}
	EndGlobalSection
EndGlobal
